
Microsoft Visual Studio Solution File, Format Version 12.00
# Visual Studio Version 16
VisualStudioVersion = 16.0.30611.23
MinimumVisualStudioVersion = 10.0.40219.1
Project("{FAE04EC0-301F-11D3-BF4B-00C04F79EFBC}") = "Test", "Test\Test.csproj", "{4EF9784A-3E42-4B3A-ADE3-200441857832}"
EndProject
Global
	GlobalSection(SolutionConfigurationPlatforms) = preSolution
		Debug|Any CPU = Debug|Any CPU
		Release|Any CPU = Release|Any CPU
	EndGlobalSection
	GlobalSection(ProjectConfigurationPlatforms) = postSolution
		{4EF9784A-3E42-4B3A-ADE3-200441857832}.Debug|Any CPU.ActiveCfg = Debug|Any CPU
		{4EF9784A-3E42-4B3A-ADE3-200441857832}.Debug|Any CPU.Build.0 = Debug|Any CPU
		{4EF9784A-3E42-4B3A-ADE3-200441857832}.Release|Any CPU.ActiveCfg = Release|Any CPU
		{4EF9784A-3E42-4B3A-ADE3-200441857832}.Release|Any CPU.Build.0 = Release|Any CPU
	EndGlobalSection
	GlobalSection(SolutionProperties) = preSolution
		HideSolutionNode = FALSE
	EndGlobalSection
	GlobalSection(ExtensibilityGlobals) = postSolution
		SolutionGuid = {213106E9-FA8B-482A-A1F6-7769903CE9F4}
	EndGlobalSection
EndGlobal
